
Microsoft Visual Studio Solution File, Format Version 10.00
# Visual Studio 2008
Project("{8BC9CEB8-8B4A-11D0-8D11-00A0C91BC942}") = "ControlDemo", "..\ControlDemo\ControlDemo.vcproj", "{E1A19500-0CF5-4CB9-814A-F3BD20747EDE}"
	ProjectSection(ProjectDependencies) = postProject
		{2DF0FEB8-121A-44A2-9B4B-F923F6F4D788} = {2DF0FEB8-121A-44A2-9B4B-F923F6F4D788}
		{CB2981D4-CF1C-4A42-B3C0-C13915FC81D1} = {CB2981D4-CF1C-4A42-B3C0-C13915FC81D1}
	EndProjectSection
EndProject
Project("{8BC9CEB8-8B4A-11D0-8D11-00A0C91BC942}") = "DUILib", "DUILib.vcproj", "{2DF0FEB8-121A-44A2-9B4B-F923F6F4D788}"
EndProject
Project("{8BC9CEB8-8B4A-11D0-8D11-00A0C91BC942}") = "Fade_Button", "..\Fade_Button\Fade_Button.vcproj", "{CB2981D4-CF1C-4A42-B3C0-C13915FC81D1}"
EndProject
Global
	GlobalSection(SolutionConfigurationPlatforms) = preSolution
		Debug|Win32 = Debug|Win32
		Release|Win32 = Release|Win32
	EndGlobalSection
	GlobalSection(ProjectConfigurationPlatforms) = postSolution
		{E1A19500-0CF5-4CB9-814A-F3BD20747EDE}.Debug|Win32.ActiveCfg = Debug|Win32
		{E1A19500-0CF5-4CB9-814A-F3BD20747EDE}.Debug|Win32.Build.0 = Debug|Win32
		{E1A19500-0CF5-4CB9-814A-F3BD20747EDE}.Release|Win32.ActiveCfg = Release|Win32
		{E1A19500-0CF5-4CB9-814A-F3BD20747EDE}.Release|Win32.Build.0 = Release|Win32
		{2DF0FEB8-121A-44A2-9B4B-F923F6F4D788}.Debug|Win32.ActiveCfg = Debug|Win32
		{2DF0FEB8-121A-44A2-9B4B-F923F6F4D788}.Debug|Win32.Build.0 = Debug|Win32
		{2DF0FEB8-121A-44A2-9B4B-F923F6F4D788}.Release|Win32.ActiveCfg = Release|Win32
		{2DF0FEB8-121A-44A2-9B4B-F923F6F4D788}.Release|Win32.Build.0 = Release|Win32
		{CB2981D4-CF1C-4A42-B3C0-C13915FC81D1}.Debug|Win32.ActiveCfg = Debug|Win32
		{CB2981D4-CF1C-4A42-B3C0-C13915FC81D1}.Debug|Win32.Build.0 = Debug|Win32
		{CB2981D4-CF1C-4A42-B3C0-C13915FC81D1}.Release|Win32.ActiveCfg = Release|Win32
		{CB2981D4-CF1C-4A42-B3C0-C13915FC81D1}.Release|Win32.Build.0 = Release|Win32
	EndGlobalSection
	GlobalSection(SolutionProperties) = preSolution
		HideSolutionNode = FALSE
	EndGlobalSection
EndGlobal
